{
  "version": 1,
  "dependencies": {
    "net8.0-windows7.0": {
      "Sentry": {
        "type": "Direct",
        "requested": "[6.6.0, )",
        "resolved": "6.6.0",
        "contentHash": "1D3xo3P9Y94VQN3RoV/86XqgtylHp1pdeEml3/UB649BrzJeZ/pqO/o8YgJ5g+GqpMQiGI09yjAI7s5ff2A1IA=="
      }
    },
    "net8.0-windows7.0/win-x64": {}
  }
}